{
  "nodes": {
    "ctrlsn": {
      "inputs": {
        "nixpkgs": "nixpkgs"
      },
      "locked": {
        "lastModified": 1743970485,
        "narHash": "sha256-6vg93/s19PJJXLoiE7T+DCPPQ2fhzLEgIWfVfEWN2QM=",
        "ref": "main",
        "rev": "19e4befdfcfa2da3344ec5091c3d74483093ffc8",
        "revCount": 51,
        "type": "git",
        "url": "ssh://git@github.com/anuramat/ctrl.sn"
      },
      "original": {
        "ref": "main",
        "type": "git",
        "url": "ssh://git@github.com/anuramat/ctrl.sn"
      }
    },
    "home-manager": {
      "inputs": {
        "nixpkgs": [
          "nixpkgs"
        ]
      },
      "locked": {
        "lastModified": 1739757849,
        "narHash": "sha256-Gs076ot1YuAAsYVcyidLKUMIc4ooOaRGO0PqTY7sBzA=",
        "owner": "nix-community",
        "repo": "home-manager",
        "rev": "9d3d080aec2a35e05a15cedd281c2384767c2cfe",
        "type": "github"
      },
      "original": {
        "owner": "nix-community",
        "ref": "release-24.11",
        "repo": "home-manager",
        "type": "github"
      }
    },
    "nixos-hardware": {
      "locked": {
        "lastModified": 1741325094,
        "narHash": "sha256-RUAdT8dZ6k/486vnu3tiNRrNW6+Q8uSD2Mq7gTX4jlo=",
        "owner": "NixOS",
        "repo": "nixos-hardware",
        "rev": "b48cc4dab0f9711af296fc367b6108cf7b8ccb16",
        "type": "github"
      },
      "original": {
        "owner": "NixOS",
        "ref": "master",
        "repo": "nixos-hardware",
        "type": "github"
      }
    },
    "nixpkgs": {
      "locked": {
        "lastModified": 1743320628,
        "narHash": "sha256-FurMxmjEEqEMld11eX2vgfAx0Rz0JhoFm8UgxbfCZa8=",
        "owner": "nixos",
        "repo": "nixpkgs",
        "rev": "63158b9cbb6ec93d26255871c447b0f01da81619",
        "type": "github"
      },
      "original": {
        "owner": "nixos",
        "ref": "nixpkgs-unstable",
        "repo": "nixpkgs",
        "type": "github"
      }
    },
    "nixpkgs-unstable": {
      "locked": {
        "lastModified": 1741513245,
        "narHash": "sha256-7rTAMNTY1xoBwz0h7ZMtEcd8LELk9R5TzBPoHuhNSCk=",
        "owner": "nixos",
        "repo": "nixpkgs",
        "rev": "e3e32b642a31e6714ec1b712de8c91a3352ce7e1",
        "type": "github"
      },
      "original": {
        "owner": "nixos",
        "ref": "nixos-unstable",
        "repo": "nixpkgs",
        "type": "github"
      }
    },
    "nixpkgs_2": {
      "locked": {
        "lastModified": 1741445498,
        "narHash": "sha256-F5Em0iv/CxkN5mZ9hRn3vPknpoWdcdCyR0e4WklHwiE=",
        "owner": "nixos",
        "repo": "nixpkgs",
        "rev": "52e3095f6d812b91b22fb7ad0bfc1ab416453634",
        "type": "github"
      },
      "original": {
        "owner": "nixos",
        "ref": "nixos-24.11",
        "repo": "nixpkgs",
        "type": "github"
      }
    },
    "nixpkgs_3": {
      "locked": {
        "lastModified": 1736134818,
        "narHash": "sha256-30sOEZ8CFK2nTTMdkhaNrfVlIi3rWTNV0Z5z+NmpFNI=",
        "owner": "nixos",
        "repo": "nixpkgs",
        "rev": "3df3c47c19dc90fec35359e89ffb52b34d2b0e94",
        "type": "github"
      },
      "original": {
        "owner": "nixos",
        "ref": "nixpkgs-unstable",
        "repo": "nixpkgs",
        "type": "github"
      }
    },
    "root": {
      "inputs": {
        "ctrlsn": "ctrlsn",
        "home-manager": "home-manager",
        "nixos-hardware": "nixos-hardware",
        "nixpkgs": "nixpkgs_2",
        "nixpkgs-unstable": "nixpkgs-unstable",
        "subcat": "subcat"
      }
    },
    "subcat": {
      "inputs": {
        "nixpkgs": "nixpkgs_3"
      },
      "locked": {
        "lastModified": 1740693464,
        "narHash": "sha256-GiR0a1RI5uU5cCP8ZYUARlLdnRoEu1bPS310HbAKQ14=",
        "owner": "anuramat",
        "repo": "subcat",
        "rev": "48557762d76dbd807c552e406211c97940a00a79",
        "type": "github"
      },
      "original": {
        "owner": "anuramat",
        "repo": "subcat",
        "type": "github"
      }
    }
  },
  "root": "root",
  "version": 7
}
